
Microsoft Visual Studio Solution File, Format Version 12.00
# Visual Studio Version 17
VisualStudioVersion = 17.5.002.0
MinimumVisualStudioVersion = 10.0.40219.1
Project("{2150E333-8FDC-42A3-9474-1A3956D46DE8}") = "csharp-prep", "csharp-prep", "{7B1AA540-FDE4-4E81-BD95-70BBD1863EAA}"
EndProject
Project("{9A19103F-16F7-4668-BE54-9A1E7A4F7556}") = "Prep1", "csharp-prep\Prep1\Prep1.csproj", "{CA0FD0D4-B300-4ED2-A6EA-716627724114}"
EndProject
Project("{9A19103F-16F7-4668-BE54-9A1E7A4F7556}") = "Prep2", "csharp-prep\Prep2\Prep2.csproj", "{02BBC3FA-7BF3-42AF-A25B-7E60F6BEEA32}"
EndProject
Project("{9A19103F-16F7-4668-BE54-9A1E7A4F7556}") = "Prep3", "csharp-prep\Prep3\Prep3.csproj", "{6F46CC9E-5DD5-47CB-A898-02CFF5A31C6F}"
EndProject
Project("{9A19103F-16F7-4668-BE54-9A1E7A4F7556}") = "Prep4", "csharp-prep\Prep4\Prep4.csproj", "{BA9C1544-F450-4735-AE47-ADC4224DC2F9}"
EndProject
Project("{9A19103F-16F7-4668-BE54-9A1E7A4F7556}") = "Prep5", "csharp-prep\Prep5\Prep5.csproj", "{10299FAF-7E33-4C3E-A564-6DFBD1D01EA2}"
EndProject
Project("{2150E333-8FDC-42A3-9474-1A3956D46DE8}") = "final", "final", "{D204ED4F-7026-41B1-BF63-C25E9B5AD519}"
EndProject
Project("{9A19103F-16F7-4668-BE54-9A1E7A4F7556}") = "FinalProject", "final\FinalProject\FinalProject.csproj", "{60BF5FC7-4381-4EB3-8E76-342FCEC87F53}"
EndProject
Project("{9A19103F-16F7-4668-BE54-9A1E7A4F7556}") = "Foundation1", "final\Foundation1\Foundation1.csproj", "{3F92DD43-1E87-4A83-A769-D0DB422FBE75}"
EndProject
Project("{9A19103F-16F7-4668-BE54-9A1E7A4F7556}") = "Foundation2", "final\Foundation2\Foundation2.csproj", "{2C0EE2BA-EBB9-433B-BC38-AD69198318B1}"
EndProject
Project("{9A19103F-16F7-4668-BE54-9A1E7A4F7556}") = "Foundation3", "final\Foundation3\Foundation3.csproj", "{CEA6E2F8-EBBC-48E6-8493-59B80B5A9306}"
EndProject
Project("{9A19103F-16F7-4668-BE54-9A1E7A4F7556}") = "Foundation4", "final\Foundation4\Foundation4.csproj", "{59F9D9DB-12DE-433E-87AC-9C762B12D294}"
EndProject
Project("{2150E333-8FDC-42A3-9474-1A3956D46DE8}") = "prepare", "prepare", "{EF5236AB-B030-42E9-B2A8-88E24582715E}"
EndProject
Project("{9A19103F-16F7-4668-BE54-9A1E7A4F7556}") = "Learning02", "prepare\Learning02\Learning02.csproj", "{3D26CA66-5A2D-46C1-9F0D-7904F191F431}"
EndProject
Project("{9A19103F-16F7-4668-BE54-9A1E7A4F7556}") = "Learning03", "prepare\Learning03\Learning03.csproj", "{B955F2F6-F0FC-4E09-9AB4-E1E9D76EC3C5}"
EndProject
Project("{9A19103F-16F7-4668-BE54-9A1E7A4F7556}") = "Learning04", "prepare\Learning04\Learning04.csproj", "{3FE37140-8CA1-4E5C-85ED-4387BDF4C99B}"
EndProject
Project("{9A19103F-16F7-4668-BE54-9A1E7A4F7556}") = "Learning05", "prepare\Learning05\Learning05.csproj", "{686F29F6-96ED-4549-9588-ABB58F5E180A}"
EndProject
Project("{2150E333-8FDC-42A3-9474-1A3956D46DE8}") = "prove", "prove", "{954745A1-7C10-4FA2-AE97-E03261CA8514}"
EndProject
Project("{9A19103F-16F7-4668-BE54-9A1E7A4F7556}") = "Develop02", "prove\Develop02\Develop02.csproj", "{E84459C1-7720-44F6-902A-2352CED7084A}"
EndProject
Project("{9A19103F-16F7-4668-BE54-9A1E7A4F7556}") = "Develop03", "prove\Develop03\Develop03.csproj", "{CC32BA58-0E30-4BFB-B6FA-BD39052482B9}"
EndProject
Project("{9A19103F-16F7-4668-BE54-9A1E7A4F7556}") = "Develop04", "prove\Develop04\Develop04.csproj", "{C1414DE2-18E9-4717-9AB9-20927193DD03}"
EndProject
Project("{9A19103F-16F7-4668-BE54-9A1E7A4F7556}") = "Develop05", "prove\Develop05\Develop05.csproj", "{36991D60-F227-4EA3-BDE1-C7942F6B1CC9}"
EndProject
Project("{2150E333-8FDC-42A3-9474-1A3956D46DE8}") = "sandbox", "sandbox", "{AA840828-E9A1-4209-B8A0-E3ECAB3DFBFC}"
EndProject
Project("{9A19103F-16F7-4668-BE54-9A1E7A4F7556}") = "Sandbox", "sandbox\Sandbox\Sandbox.csproj", "{22CEE5B0-97B2-46B0-BAEE-78E868865DC3}"
EndProject
Global
	GlobalSection(SolutionConfigurationPlatforms) = preSolution
		Debug|Any CPU = Debug|Any CPU
		Release|Any CPU = Release|Any CPU
	EndGlobalSection
	GlobalSection(ProjectConfigurationPlatforms) = postSolution
		{CA0FD0D4-B300-4ED2-A6EA-716627724114}.Debug|Any CPU.ActiveCfg = Debug|Any CPU
		{CA0FD0D4-B300-4ED2-A6EA-716627724114}.Debug|Any CPU.Build.0 = Debug|Any CPU
		{CA0FD0D4-B300-4ED2-A6EA-716627724114}.Release|Any CPU.ActiveCfg = Release|Any CPU
		{CA0FD0D4-B300-4ED2-A6EA-716627724114}.Release|Any CPU.Build.0 = Release|Any CPU
		{02BBC3FA-7BF3-42AF-A25B-7E60F6BEEA32}.Debug|Any CPU.ActiveCfg = Debug|Any CPU
		{02BBC3FA-7BF3-42AF-A25B-7E60F6BEEA32}.Debug|Any CPU.Build.0 = Debug|Any CPU
		{02BBC3FA-7BF3-42AF-A25B-7E60F6BEEA32}.Release|Any CPU.ActiveCfg = Release|Any CPU
		{02BBC3FA-7BF3-42AF-A25B-7E60F6BEEA32}.Release|Any CPU.Build.0 = Release|Any CPU
		{6F46CC9E-5DD5-47CB-A898-02CFF5A31C6F}.Debug|Any CPU.ActiveCfg = Debug|Any CPU
		{6F46CC9E-5DD5-47CB-A898-02CFF5A31C6F}.Debug|Any CPU.Build.0 = Debug|Any CPU
		{6F46CC9E-5DD5-47CB-A898-02CFF5A31C6F}.Release|Any CPU.ActiveCfg = Release|Any CPU
		{6F46CC9E-5DD5-47CB-A898-02CFF5A31C6F}.Release|Any CPU.Build.0 = Release|Any CPU
		{BA9C1544-F450-4735-AE47-ADC4224DC2F9}.Debug|Any CPU.ActiveCfg = Debug|Any CPU
		{BA9C1544-F450-4735-AE47-ADC4224DC2F9}.Debug|Any CPU.Build.0 = Debug|Any CPU
		{BA9C1544-F450-4735-AE47-ADC4224DC2F9}.Release|Any CPU.ActiveCfg = Release|Any CPU
		{BA9C1544-F450-4735-AE47-ADC4224DC2F9}.Release|Any CPU.Build.0 = Release|Any CPU
		{10299FAF-7E33-4C3E-A564-6DFBD1D01EA2}.Debug|Any CPU.ActiveCfg = Debug|Any CPU
		{10299FAF-7E33-4C3E-A564-6DFBD1D01EA2}.Debug|Any CPU.Build.0 = Debug|Any CPU
		{10299FAF-7E33-4C3E-A564-6DFBD1D01EA2}.Release|Any CPU.ActiveCfg = Release|Any CPU
		{10299FAF-7E33-4C3E-A564-6DFBD1D01EA2}.Release|Any CPU.Build.0 = Release|Any CPU
		{60BF5FC7-4381-4EB3-8E76-342FCEC87F53}.Debug|Any CPU.ActiveCfg = Debug|Any CPU
		{60BF5FC7-4381-4EB3-8E76-342FCEC87F53}.Debug|Any CPU.Build.0 = Debug|Any CPU
		{60BF5FC7-4381-4EB3-8E76-342FCEC87F53}.Release|Any CPU.ActiveCfg = Release|Any CPU
		{60BF5FC7-4381-4EB3-8E76-342FCEC87F53}.Release|Any CPU.Build.0 = Release|Any CPU
		{3F92DD43-1E87-4A83-A769-D0DB422FBE75}.Debug|Any CPU.ActiveCfg = Debug|Any CPU
		{3F92DD43-1E87-4A83-A769-D0DB422FBE75}.Debug|Any CPU.Build.0 = Debug|Any CPU
		{3F92DD43-1E87-4A83-A769-D0DB422FBE75}.Release|Any CPU.ActiveCfg = Release|Any CPU
		{3F92DD43-1E87-4A83-A769-D0DB422FBE75}.Release|Any CPU.Build.0 = Release|Any CPU
		{2C0EE2BA-EBB9-433B-BC38-AD69198318B1}.Debug|Any CPU.ActiveCfg = Debug|Any CPU
		{2C0EE2BA-EBB9-433B-BC38-AD69198318B1}.Debug|Any CPU.Build.0 = Debug|Any CPU
		{2C0EE2BA-EBB9-433B-BC38-AD69198318B1}.Release|Any CPU.ActiveCfg = Release|Any CPU
		{2C0EE2BA-EBB9-433B-BC38-AD69198318B1}.Release|Any CPU.Build.0 = Release|Any CPU
		{CEA6E2F8-EBBC-48E6-8493-59B80B5A9306}.Debug|Any CPU.ActiveCfg = Debug|Any CPU
		{CEA6E2F8-EBBC-48E6-8493-59B80B5A9306}.Debug|Any CPU.Build.0 = Debug|Any CPU
		{CEA6E2F8-EBBC-48E6-8493-59B80B5A9306}.Release|Any CPU.ActiveCfg = Release|Any CPU
		{CEA6E2F8-EBBC-48E6-8493-59B80B5A9306}.Release|Any CPU.Build.0 = Release|Any CPU
		{59F9D9DB-12DE-433E-87AC-9C762B12D294}.Debug|Any CPU.ActiveCfg = Debug|Any CPU
		{59F9D9DB-12DE-433E-87AC-9C762B12D294}.Debug|Any CPU.Build.0 = Debug|Any CPU
		{59F9D9DB-12DE-433E-87AC-9C762B12D294}.Release|Any CPU.ActiveCfg = Release|Any CPU
		{59F9D9DB-12DE-433E-87AC-9C762B12D294}.Release|Any CPU.Build.0 = Release|Any CPU
		{3D26CA66-5A2D-46C1-9F0D-7904F191F431}.Debug|Any CPU.ActiveCfg = Debug|Any CPU
		{3D26CA66-5A2D-46C1-9F0D-7904F191F431}.Debug|Any CPU.Build.0 = Debug|Any CPU
		{3D26CA66-5A2D-46C1-9F0D-7904F191F431}.Release|Any CPU.ActiveCfg = Release|Any CPU
		{3D26CA66-5A2D-46C1-9F0D-7904F191F431}.Release|Any CPU.Build.0 = Release|Any CPU
		{B955F2F6-F0FC-4E09-9AB4-E1E9D76EC3C5}.Debug|Any CPU.ActiveCfg = Debug|Any CPU
		{B955F2F6-F0FC-4E09-9AB4-E1E9D76EC3C5}.Debug|Any CPU.Build.0 = Debug|Any CPU
		{B955F2F6-F0FC-4E09-9AB4-E1E9D76EC3C5}.Release|Any CPU.ActiveCfg = Release|Any CPU
		{B955F2F6-F0FC-4E09-9AB4-E1E9D76EC3C5}.Release|Any CPU.Build.0 = Release|Any CPU
		{3FE37140-8CA1-4E5C-85ED-4387BDF4C99B}.Debug|Any CPU.ActiveCfg = Debug|Any CPU
		{3FE37140-8CA1-4E5C-85ED-4387BDF4C99B}.Debug|Any CPU.Build.0 = Debug|Any CPU
		{3FE37140-8CA1-4E5C-85ED-4387BDF4C99B}.Release|Any CPU.ActiveCfg = Release|Any CPU
		{3FE37140-8CA1-4E5C-85ED-4387BDF4C99B}.Release|Any CPU.Build.0 = Release|Any CPU
		{686F29F6-96ED-4549-9588-ABB58F5E180A}.Debug|Any CPU.ActiveCfg = Debug|Any CPU
		{686F29F6-96ED-4549-9588-ABB58F5E180A}.Debug|Any CPU.Build.0 = Debug|Any CPU
		{686F29F6-96ED-4549-9588-ABB58F5E180A}.Release|Any CPU.ActiveCfg = Release|Any CPU
		{686F29F6-96ED-4549-9588-ABB58F5E180A}.Release|Any CPU.Build.0 = Release|Any CPU
		{E84459C1-7720-44F6-902A-2352CED7084A}.Debug|Any CPU.ActiveCfg = Debug|Any CPU
		{E84459C1-7720-44F6-902A-2352CED7084A}.Debug|Any CPU.Build.0 = Debug|Any CPU
		{E84459C1-7720-44F6-902A-2352CED7084A}.Release|Any CPU.ActiveCfg = Release|Any CPU
		{E84459C1-7720-44F6-902A-2352CED7084A}.Release|Any CPU.Build.0 = Release|Any CPU
		{CC32BA58-0E30-4BFB-B6FA-BD39052482B9}.Debug|Any CPU.ActiveCfg = Debug|Any CPU
		{CC32BA58-0E30-4BFB-B6FA-BD39052482B9}.Debug|Any CPU.Build.0 = Debug|Any CPU
		{CC32BA58-0E30-4BFB-B6FA-BD39052482B9}.Release|Any CPU.ActiveCfg = Release|Any CPU
		{CC32BA58-0E30-4BFB-B6FA-BD39052482B9}.Release|Any CPU.Build.0 = Release|Any CPU
		{C1414DE2-18E9-4717-9AB9-20927193DD03}.Debug|Any CPU.ActiveCfg = Debug|Any CPU
		{C1414DE2-18E9-4717-9AB9-20927193DD03}.Debug|Any CPU.Build.0 = Debug|Any CPU
		{C1414DE2-18E9-4717-9AB9-20927193DD03}.Release|Any CPU.ActiveCfg = Release|Any CPU
		{C1414DE2-18E9-4717-9AB9-20927193DD03}.Release|Any CPU.Build.0 = Release|Any CPU
		{36991D60-F227-4EA3-BDE1-C7942F6B1CC9}.Debug|Any CPU.ActiveCfg = Debug|Any CPU
		{36991D60-F227-4EA3-BDE1-C7942F6B1CC9}.Debug|Any CPU.Build.0 = Debug|Any CPU
		{36991D60-F227-4EA3-BDE1-C7942F6B1CC9}.Release|Any CPU.ActiveCfg = Release|Any CPU
		{36991D60-F227-4EA3-BDE1-C7942F6B1CC9}.Release|Any CPU.Build.0 = Release|Any CPU
		{22CEE5B0-97B2-46B0-BAEE-78E868865DC3}.Debug|Any CPU.ActiveCfg = Debug|Any CPU
		{22CEE5B0-97B2-46B0-BAEE-78E868865DC3}.Debug|Any CPU.Build.0 = Debug|Any CPU
		{22CEE5B0-97B2-46B0-BAEE-78E868865DC3}.Release|Any CPU.ActiveCfg = Release|Any CPU
		{22CEE5B0-97B2-46B0-BAEE-78E868865DC3}.Release|Any CPU.Build.0 = Release|Any CPU
	EndGlobalSection
	GlobalSection(SolutionProperties) = preSolution
		HideSolutionNode = FALSE
	EndGlobalSection
	GlobalSection(NestedProjects) = preSolution
		{CA0FD0D4-B300-4ED2-A6EA-716627724114} = {7B1AA540-FDE4-4E81-BD95-70BBD1863EAA}
		{02BBC3FA-7BF3-42AF-A25B-7E60F6BEEA32} = {7B1AA540-FDE4-4E81-BD95-70BBD1863EAA}
		{6F46CC9E-5DD5-47CB-A898-02CFF5A31C6F} = {7B1AA540-FDE4-4E81-BD95-70BBD1863EAA}
		{BA9C1544-F450-4735-AE47-ADC4224DC2F9} = {7B1AA540-FDE4-4E81-BD95-70BBD1863EAA}
		{10299FAF-7E33-4C3E-A564-6DFBD1D01EA2} = {7B1AA540-FDE4-4E81-BD95-70BBD1863EAA}
		{60BF5FC7-4381-4EB3-8E76-342FCEC87F53} = {D204ED4F-7026-41B1-BF63-C25E9B5AD519}
		{3F92DD43-1E87-4A83-A769-D0DB422FBE75} = {D204ED4F-7026-41B1-BF63-C25E9B5AD519}
		{2C0EE2BA-EBB9-433B-BC38-AD69198318B1} = {D204ED4F-7026-41B1-BF63-C25E9B5AD519}
		{CEA6E2F8-EBBC-48E6-8493-59B80B5A9306} = {D204ED4F-7026-41B1-BF63-C25E9B5AD519}
		{59F9D9DB-12DE-433E-87AC-9C762B12D294} = {D204ED4F-7026-41B1-BF63-C25E9B5AD519}
		{3D26CA66-5A2D-46C1-9F0D-7904F191F431} = {EF5236AB-B030-42E9-B2A8-88E24582715E}
		{B955F2F6-F0FC-4E09-9AB4-E1E9D76EC3C5} = {EF5236AB-B030-42E9-B2A8-88E24582715E}
		{3FE37140-8CA1-4E5C-85ED-4387BDF4C99B} = {EF5236AB-B030-42E9-B2A8-88E24582715E}
		{686F29F6-96ED-4549-9588-ABB58F5E180A} = {EF5236AB-B030-42E9-B2A8-88E24582715E}
		{E84459C1-7720-44F6-902A-2352CED7084A} = {954745A1-7C10-4FA2-AE97-E03261CA8514}
		{CC32BA58-0E30-4BFB-B6FA-BD39052482B9} = {954745A1-7C10-4FA2-AE97-E03261CA8514}
		{C1414DE2-18E9-4717-9AB9-20927193DD03} = {954745A1-7C10-4FA2-AE97-E03261CA8514}
		{36991D60-F227-4EA3-BDE1-C7942F6B1CC9} = {954745A1-7C10-4FA2-AE97-E03261CA8514}
		{22CEE5B0-97B2-46B0-BAEE-78E868865DC3} = {AA840828-E9A1-4209-B8A0-E3ECAB3DFBFC}
	EndGlobalSection
	GlobalSection(ExtensibilityGlobals) = postSolution
		SolutionGuid = {FB229498-5CAE-488C-BAA5-96C842F5D9AE}
	EndGlobalSection
EndGlobal
